// !$*UTF8*$!
{
	archiveVersion = 1;
	classes = {
	};
	objectVersion = 55;
	objects = {

/* Begin PBXBuildFile section */
		06021ACEDB99390F31A00836 /* Pods_memoAppFirebase6.framework in Frameworks */ = {isa = PBXBuildFile; fileRef = 233D0A1A8EBA338DE86F1562 /* Pods_memoAppFirebase6.framework */; };
		3D304F442871ABA000C9F8F6 /* AppDelegate.swift in Sources */ = {isa = PBXBuildFile; fileRef = 3D304F432871ABA000C9F8F6 /* AppDelegate.swift */; };
		3D304F462871ABA000C9F8F6 /* SceneDelegate.swift in Sources */ = {isa = PBXBuildFile; fileRef = 3D304F452871ABA000C9F8F6 /* SceneDelegate.swift */; };
		3D304F4B2871ABA000C9F8F6 /* Main.storyboard in Resources */ = {isa = PBXBuildFile; fileRef = 3D304F492871ABA000C9F8F6 /* Main.storyboard */; };
		3D304F4D2871ABA400C9F8F6 /* Assets.xcassets in Resources */ = {isa = PBXBuildFile; fileRef = 3D304F4C2871ABA400C9F8F6 /* Assets.xcassets */; };
		3D304F502871ABA400C9F8F6 /* LaunchScreen.storyboard in Resources */ = {isa = PBXBuildFile; fileRef = 3D304F4E2871ABA400C9F8F6 /* LaunchScreen.storyboard */; };
		3D304F582871AC6800C9F8F6 /* GoogleService-Info.plist in Resources */ = {isa = PBXBuildFile; fileRef = 3D304F572871AC6700C9F8F6 /* GoogleService-Info.plist */; };
		3D304F5A2871B3D900C9F8F6 /* Memo.swift in Sources */ = {isa = PBXBuildFile; fileRef = 3D304F592871B3D900C9F8F6 /* Memo.swift */; };
		3D304F5C2871B40200C9F8F6 /* RootTableViewController.swift in Sources */ = {isa = PBXBuildFile; fileRef = 3D304F5B2871B40200C9F8F6 /* RootTableViewController.swift */; };
		3D304F5E2871B43900C9F8F6 /* EditViewController.swift in Sources */ = {isa = PBXBuildFile; fileRef = 3D304F5D2871B43900C9F8F6 /* EditViewController.swift */; };
		3D304F602871B45A00C9F8F6 /* AddViewController.swift in Sources */ = {isa = PBXBuildFile; fileRef = 3D304F5F2871B45A00C9F8F6 /* AddViewController.swift */; };
		3D304F622871B47C00C9F8F6 /* Add.storyboard in Resources */ = {isa = PBXBuildFile; fileRef = 3D304F612871B47C00C9F8F6 /* Add.storyboard */; };
/* End PBXBuildFile section */

/* Begin PBXFileReference section */
		233D0A1A8EBA338DE86F1562 /* Pods_memoAppFirebase6.framework */ = {isa = PBXFileReference; explicitFileType = wrapper.framework; includeInIndex = 0; path = Pods_memoAppFirebase6.framework; sourceTree = BUILT_PRODUCTS_DIR; };
		3D304F402871ABA000C9F8F6 /* memoAppFirebase6.app */ = {isa = PBXFileReference; explicitFileType = wrapper.application; includeInIndex = 0; path = memoAppFirebase6.app; sourceTree = BUILT_PRODUCTS_DIR; };
		3D304F432871ABA000C9F8F6 /* AppDelegate.swift */ = {isa = PBXFileReference; lastKnownFileType = sourcecode.swift; path = AppDelegate.swift; sourceTree = "<group>"; };
		3D304F452871ABA000C9F8F6 /* SceneDelegate.swift */ = {isa = PBXFileReference; lastKnownFileType = sourcecode.swift; path = SceneDelegate.swift; sourceTree = "<group>"; };
		3D304F4A2871ABA000C9F8F6 /* Base */ = {isa = PBXFileReference; lastKnownFileType = file.storyboard; name = Base; path = Base.lproj/Main.storyboard; sourceTree = "<group>"; };
		3D304F4C2871ABA400C9F8F6 /* Assets.xcassets */ = {isa = PBXFileReference; lastKnownFileType = folder.assetcatalog; path = Assets.xcassets; sourceTree = "<group>"; };
		3D304F4F2871ABA400C9F8F6 /* Base */ = {isa = PBXFileReference; lastKnownFileType = file.storyboard; name = Base; path = Base.lproj/LaunchScreen.storyboard; sourceTree = "<group>"; };
		3D304F512871ABA400C9F8F6 /* Info.plist */ = {isa = PBXFileReference; lastKnownFileType = text.plist.xml; path = Info.plist; sourceTree = "<group>"; };
		3D304F572871AC6700C9F8F6 /* GoogleService-Info.plist */ = {isa = PBXFileReference; fileEncoding = 4; lastKnownFileType = text.plist.xml; path = "GoogleService-Info.plist"; sourceTree = "<group>"; };
		3D304F592871B3D900C9F8F6 /* Memo.swift */ = {isa = PBXFileReference; lastKnownFileType = sourcecode.swift; path = Memo.swift; sourceTree = "<group>"; };
		3D304F5B2871B40200C9F8F6 /* RootTableViewController.swift */ = {isa = PBXFileReference; lastKnownFileType = sourcecode.swift; path = RootTableViewController.swift; sourceTree = "<group>"; };
		3D304F5D2871B43900C9F8F6 /* EditViewController.swift */ = {isa = PBXFileReference; lastKnownFileType = sourcecode.swift; path = EditViewController.swift; sourceTree = "<group>"; };
		3D304F5F2871B45A00C9F8F6 /* AddViewController.swift */ = {isa = PBXFileReference; lastKnownFileType = sourcecode.swift; path = AddViewController.swift; sourceTree = "<group>"; };
		3D304F612871B47C00C9F8F6 /* Add.storyboard */ = {isa = PBXFileReference; lastKnownFileType = file.storyboard; path = Add.storyboard; sourceTree = "<group>"; };
		9437190AF978B78BB0B48F23 /* Pods-memoAppFirebase6.debug.xcconfig */ = {isa = PBXFileReference; includeInIndex = 1; lastKnownFileType = text.xcconfig; name = "Pods-memoAppFirebase6.debug.xcconfig"; path = "Target Support Files/Pods-memoAppFirebase6/Pods-memoAppFirebase6.debug.xcconfig"; sourceTree = "<group>"; };
		C1C67143FA4F96A1D48A5F9B /* Pods-memoAppFirebase6.release.xcconfig */ = {isa = PBXFileReference; includeInIndex = 1; lastKnownFileType = text.xcconfig; name = "Pods-memoAppFirebase6.release.xcconfig"; path = "Target Support Files/Pods-memoAppFirebase6/Pods-memoAppFirebase6.release.xcconfig"; sourceTree = "<group>"; };
/* End PBXFileReference section */

/* Begin PBXFrameworksBuildPhase section */
		3D304F3D2871ABA000C9F8F6 /* Frameworks */ = {
			isa = PBXFrameworksBuildPhase;
			buildActionMask = 2147483647;
			files = (
				06021ACEDB99390F31A00836 /* Pods_memoAppFirebase6.framework in Frameworks */,
			);
			runOnlyForDeploymentPostprocessing = 0;
		};
/* End PBXFrameworksBuildPhase section */

/* Begin PBXGroup section */
		3D304F372871AB9F00C9F8F6 = {
			isa = PBXGroup;
			children = (
				3D304F422871ABA000C9F8F6 /* memoAppFirebase6 */,
				3D304F412871ABA000C9F8F6 /* Products */,
				DE0C9D08DCAF6EDE87DB3595 /* Pods */,
				767C463802C7119C839680B2 /* Frameworks */,
			);
			sourceTree = "<group>";
		};
		3D304F412871ABA000C9F8F6 /* Products */ = {
			isa = PBXGroup;
			children = (
				3D304F402871ABA000C9F8F6 /* memoAppFirebase6.app */,
			);
			name = Products;
			sourceTree = "<group>";
		};
		3D304F422871ABA000C9F8F6 /* memoAppFirebase6 */ = {
			isa = PBXGroup;
			children = (
				3D304F572871AC6700C9F8F6 /* GoogleService-Info.plist */,
				3D304F432871ABA000C9F8F6 /* AppDelegate.swift */,
				3D304F452871ABA000C9F8F6 /* SceneDelegate.swift */,
				3D304F4C2871ABA400C9F8F6 /* Assets.xcassets */,
				3D304F4E2871ABA400C9F8F6 /* LaunchScreen.storyboard */,
				3D304F512871ABA400C9F8F6 /* Info.plist */,
				3D304F592871B3D900C9F8F6 /* Memo.swift */,
				3D304F5B2871B40200C9F8F6 /* RootTableViewController.swift */,
				3D304F492871ABA000C9F8F6 /* Main.storyboard */,
				3D304F5D2871B43900C9F8F6 /* EditViewController.swift */,
				3D304F5F2871B45A00C9F8F6 /* AddViewController.swift */,
				3D304F612871B47C00C9F8F6 /* Add.storyboard */,
			);
			path = memoAppFirebase6;
			sourceTree = "<group>";
		};
		767C463802C7119C839680B2 /* Frameworks */ = {
			isa = PBXGroup;
			children = (
				233D0A1A8EBA338DE86F1562 /* Pods_memoAppFirebase6.framework */,
			);
			name = Frameworks;
			sourceTree = "<group>";
		};
		DE0C9D08DCAF6EDE87DB3595 /* Pods */ = {
			isa = PBXGroup;
			children = (
				9437190AF978B78BB0B48F23 /* Pods-memoAppFirebase6.debug.xcconfig */,
				C1C67143FA4F96A1D48A5F9B /* Pods-memoAppFirebase6.release.xcconfig */,
			);
			path = Pods;
			sourceTree = "<group>";
		};
/* End PBXGroup section */

/* Begin PBXNativeTarget section */
		3D304F3F2871ABA000C9F8F6 /* memoAppFirebase6 */ = {
			isa = PBXNativeTarget;
			buildConfigurationList = 3D304F542871ABA400C9F8F6 /* Build configuration list for PBXNativeTarget "memoAppFirebase6" */;
			buildPhases = (
				00C5058641A8ECAA3630482D /* [CP] Check Pods Manifest.lock */,
				3D304F3C2871ABA000C9F8F6 /* Sources */,
				3D304F3D2871ABA000C9F8F6 /* Frameworks */,
				3D304F3E2871ABA000C9F8F6 /* Resources */,
				5A2E275F6C04DFFF9B5A9A7B /* [CP] Embed Pods Frameworks */,
			);
			buildRules = (
			);
			dependencies = (
			);
			name = memoAppFirebase6;
			productName = memoAppFirebase6;
			productReference = 3D304F402871ABA000C9F8F6 /* memoAppFirebase6.app */;
			productType = "com.apple.product-type.application";
		};
/* End PBXNativeTarget section */

/* Begin PBXProject section */
		3D304F382871AB9F00C9F8F6 /* Project object */ = {
			isa = PBXProject;
			attributes = {
				BuildIndependentTargetsInParallel = 1;
				LastSwiftUpdateCheck = 1340;
				LastUpgradeCheck = 1340;
				TargetAttributes = {
					3D304F3F2871ABA000C9F8F6 = {
						CreatedOnToolsVersion = 13.4;
					};
				};
			};
			buildConfigurationList = 3D304F3B2871AB9F00C9F8F6 /* Build configuration list for PBXProject "memoAppFirebase6" */;
			compatibilityVersion = "Xcode 13.0";
			developmentRegion = en;
			hasScannedForEncodings = 0;
			knownRegions = (
				en,
				Base,
			);
			mainGroup = 3D304F372871AB9F00C9F8F6;
			productRefGroup = 3D304F412871ABA000C9F8F6 /* Products */;
			projectDirPath = "";
			projectRoot = "";
			targets = (
				3D304F3F2871ABA000C9F8F6 /* memoAppFirebase6 */,
			);
		};
/* End PBXProject section */

/* Begin PBXResourcesBuildPhase section */
		3D304F3E2871ABA000C9F8F6 /* Resources */ = {
			isa = PBXResourcesBuildPhase;
			buildActionMask = 2147483647;
			files = (
				3D304F502871ABA400C9F8F6 /* LaunchScreen.storyboard in Resources */,
				3D304F4D2871ABA400C9F8F6 /* Assets.xcassets in Resources */,
				3D304F622871B47C00C9F8F6 /* Add.storyboard in Resources */,
				3D304F4B2871ABA000C9F8F6 /* Main.storyboard in Resources */,
				3D304F582871AC6800C9F8F6 /* GoogleService-Info.plist in Resources */,
			);
			runOnlyForDeploymentPostprocessing = 0;
		};
/* End PBXResourcesBuildPhase section */

/* Begin PBXShellScriptBuildPhase section */
		00C5058641A8ECAA3630482D /* [CP] Check Pods Manifest.lock */ = {
			isa = PBXShellScriptBuildPhase;
			buildActionMask = 2147483647;
			files = (
			);
			inputFileListPaths = (
			);
			inputPaths = (
				"${PODS_PODFILE_DIR_PATH}/Podfile.lock",
				"${PODS_ROOT}/Manifest.lock",
			);
			name = "[CP] Check Pods Manifest.lock";
			outputFileListPaths = (
			);
			outputPaths = (
				"$(DERIVED_FILE_DIR)/Pods-memoAppFirebase6-checkManifestLockResult.txt",
			);
			runOnlyForDeploymentPostprocessing = 0;
			shellPath = /bin/sh;
			shellScript = "diff \"${PODS_PODFILE_DIR_PATH}/Podfile.lock\" \"${PODS_ROOT}/Manifest.lock\" > /dev/null\nif [ $? != 0 ] ; then\n    # print error to STDERR\n    echo \"error: The sandbox is not in sync with the Podfile.lock. Run 'pod install' or update your CocoaPods installation.\" >&2\n    exit 1\nfi\n# This output is used by Xcode 'outputs' to avoid re-running this script phase.\necho \"SUCCESS\" > \"${SCRIPT_OUTPUT_FILE_0}\"\n";
			showEnvVarsInLog = 0;
		};
		5A2E275F6C04DFFF9B5A9A7B /* [CP] Embed Pods Frameworks */ = {
			isa = PBXShellScriptBuildPhase;
			buildActionMask = 2147483647;
			files = (
			);
			inputFileListPaths = (
				"${PODS_ROOT}/Target Support Files/Pods-memoAppFirebase6/Pods-memoAppFirebase6-frameworks-${CONFIGURATION}-input-files.xcfilelist",
			);
			name = "[CP] Embed Pods Frameworks";
			outputFileListPaths = (
				"${PODS_ROOT}/Target Support Files/Pods-memoAppFirebase6/Pods-memoAppFirebase6-frameworks-${CONFIGURATION}-output-files.xcfilelist",
			);
			runOnlyForDeploymentPostprocessing = 0;
			shellPath = /bin/sh;
			shellScript = "\"${PODS_ROOT}/Target Support Files/Pods-memoAppFirebase6/Pods-memoAppFirebase6-frameworks.sh\"\n";
			showEnvVarsInLog = 0;
		};
/* End PBXShellScriptBuildPhase section */

/* Begin PBXSourcesBuildPhase section */
		3D304F3C2871ABA000C9F8F6 /* Sources */ = {
			isa = PBXSourcesBuildPhase;
			buildActionMask = 2147483647;
			files = (
				3D304F442871ABA000C9F8F6 /* AppDelegate.swift in Sources */,
				3D304F602871B45A00C9F8F6 /* AddViewController.swift in Sources */,
				3D304F5E2871B43900C9F8F6 /* EditViewController.swift in Sources */,
				3D304F5C2871B40200C9F8F6 /* RootTableViewController.swift in Sources */,
				3D304F462871ABA000C9F8F6 /* SceneDelegate.swift in Sources */,
				3D304F5A2871B3D900C9F8F6 /* Memo.swift in Sources */,
			);
			runOnlyForDeploymentPostprocessing = 0;
		};
/* End PBXSourcesBuildPhase section */

/* Begin PBXVariantGroup section */
		3D304F492871ABA000C9F8F6 /* Main.storyboard */ = {
			isa = PBXVariantGroup;
			children = (
				3D304F4A2871ABA000C9F8F6 /* Base */,
			);
			name = Main.storyboard;
			sourceTree = "<group>";
		};
		3D304F4E2871ABA400C9F8F6 /* LaunchScreen.storyboard */ = {
			isa = PBXVariantGroup;
			children = (
				3D304F4F2871ABA400C9F8F6 /* Base */,
			);
			name = LaunchScreen.storyboard;
			sourceTree = "<group>";
		};
/* End PBXVariantGroup section */

/* Begin XCBuildConfiguration section */
		3D304F522871ABA400C9F8F6 /* Debug */ = {
			isa = XCBuildConfiguration;
			buildSettings = {
				ALWAYS_SEARCH_USER_PATHS = NO;
				CLANG_ANALYZER_NONNULL = YES;
				CLANG_ANALYZER_NUMBER_OBJECT_CONVERSION = YES_AGGRESSIVE;
				CLANG_CXX_LANGUAGE_STANDARD = "gnu++17";
				CLANG_ENABLE_MODULES = YES;
				CLANG_ENABLE_OBJC_ARC = YES;
				CLANG_ENABLE_OBJC_WEAK = YES;
				CLANG_WARN_BLOCK_CAPTURE_AUTORELEASING = YES;
				CLANG_WARN_BOOL_CONVERSION = YES;
				CLANG_WARN_COMMA = YES;
				CLANG_WARN_CONSTANT_CONVERSION = YES;
				CLANG_WARN_DEPRECATED_OBJC_IMPLEMENTATIONS = YES;
				CLANG_WARN_DIRECT_OBJC_ISA_USAGE = YES_ERROR;
				CLANG_WARN_DOCUMENTATION_COMMENTS = YES;
				CLANG_WARN_EMPTY_BODY = YES;
				CLANG_WARN_ENUM_CONVERSION = YES;
				CLANG_WARN_INFINITE_RECURSION = YES;
				CLANG_WARN_INT_CONVERSION = YES;
				CLANG_WARN_NON_LITERAL_NULL_CONVERSION = YES;
				CLANG_WARN_OBJC_IMPLICIT_RETAIN_SELF = YES;
				CLANG_WARN_OBJC_LITERAL_CONVERSION = YES;
				CLANG_WARN_OBJC_ROOT_CLASS = YES_ERROR;
				CLANG_WARN_QUOTED_INCLUDE_IN_FRAMEWORK_HEADER = YES;
				CLANG_WARN_RANGE_LOOP_ANALYSIS = YES;
				CLANG_WARN_STRICT_PROTOTYPES = YES;
				CLANG_WARN_SUSPICIOUS_MOVE = YES;
				CLANG_WARN_UNGUARDED_AVAILABILITY = YES_AGGRESSIVE;
				CLANG_WARN_UNREACHABLE_CODE = YES;
				CLANG_WARN__DUPLICATE_METHOD_MATCH = YES;
				COPY_PHASE_STRIP = NO;
				DEBUG_INFORMATION_FORMAT = dwarf;
				ENABLE_STRICT_OBJC_MSGSEND = YES;
				ENABLE_TESTABILITY = YES;
				GCC_C_LANGUAGE_STANDARD = gnu11;
				GCC_DYNAMIC_NO_PIC = NO;
				GCC_NO_COMMON_BLOCKS = YES;
				GCC_OPTIMIZATION_LEVEL = 0;
				GCC_PREPROCESSOR_DEFINITIONS = (
					"DEBUG=1",
					"$(inherited)",
				);
				GCC_WARN_64_TO_32_BIT_CONVERSION = YES;
				GCC_WARN_ABOUT_RETURN_TYPE = YES_ERROR;
				GCC_WARN_UNDECLARED_SELECTOR = YES;
				GCC_WARN_UNINITIALIZED_AUTOS = YES_AGGRESSIVE;
				GCC_WARN_UNUSED_FUNCTION = YES;
				GCC_WARN_UNUSED_VARIABLE = YES;
				IPHONEOS_DEPLOYMENT_TARGET = 15.5;
				MTL_ENABLE_DEBUG_INFO = INCLUDE_SOURCE;
				MTL_FAST_MATH = YES;
				ONLY_ACTIVE_ARCH = YES;
				SDKROOT = iphoneos;
				SWIFT_ACTIVE_COMPILATION_CONDITIONS = DEBUG;
				SWIFT_OPTIMIZATION_LEVEL = "-Onone";
			};
			name = Debug;
		};
		3D304F532871ABA400C9F8F6 /* Release */ = {
			isa = XCBuildConfiguration;
			buildSettings = {
				ALWAYS_SEARCH_USER_PATHS = NO;
				CLANG_ANALYZER_NONNULL = YES;
				CLANG_ANALYZER_NUMBER_OBJECT_CONVERSION = YES_AGGRESSIVE;
				CLANG_CXX_LANGUAGE_STANDARD = "gnu++17";
				CLANG_ENABLE_MODULES = YES;
				CLANG_ENABLE_OBJC_ARC = YES;
				CLANG_ENABLE_OBJC_WEAK = YES;
				CLANG_WARN_BLOCK_CAPTURE_AUTORELEASING = YES;
				CLANG_WARN_BOOL_CONVERSION = YES;
				CLANG_WARN_COMMA = YES;
				CLANG_WARN_CONSTANT_CONVERSION = YES;
				CLANG_WARN_DEPRECATED_OBJC_IMPLEMENTATIONS = YES;
				CLANG_WARN_DIRECT_OBJC_ISA_USAGE = YES_ERROR;
				CLANG_WARN_DOCUMENTATION_COMMENTS = YES;
				CLANG_WARN_EMPTY_BODY = YES;
				CLANG_WARN_ENUM_CONVERSION = YES;
				CLANG_WARN_INFINITE_RECURSION = YES;
				CLANG_WARN_INT_CONVERSION = YES;
				CLANG_WARN_NON_LITERAL_NULL_CONVERSION = YES;
				CLANG_WARN_OBJC_IMPLICIT_RETAIN_SELF = YES;
				CLANG_WARN_OBJC_LITERAL_CONVERSION = YES;
				CLANG_WARN_OBJC_ROOT_CLASS = YES_ERROR;
				CLANG_WARN_QUOTED_INCLUDE_IN_FRAMEWORK_HEADER = YES;
				CLANG_WARN_RANGE_LOOP_ANALYSIS = YES;
				CLANG_WARN_STRICT_PROTOTYPES = YES;
				CLANG_WARN_SUSPICIOUS_MOVE = YES;
				CLANG_WARN_UNGUARDED_AVAILABILITY = YES_AGGRESSIVE;
				CLANG_WARN_UNREACHABLE_CODE = YES;
				CLANG_WARN__DUPLICATE_METHOD_MATCH = YES;
				COPY_PHASE_STRIP = NO;
				DEBUG_INFORMATION_FORMAT = "dwarf-with-dsym";
				ENABLE_NS_ASSERTIONS = NO;
				ENABLE_STRICT_OBJC_MSGSEND = YES;
				GCC_C_LANGUAGE_STANDARD = gnu11;
				GCC_NO_COMMON_BLOCKS = YES;
				GCC_WARN_64_TO_32_BIT_CONVERSION = YES;
				GCC_WARN_ABOUT_RETURN_TYPE = YES_ERROR;
				GCC_WARN_UNDECLARED_SELECTOR = YES;
				GCC_WARN_UNINITIALIZED_AUTOS = YES_AGGRESSIVE;
				GCC_WARN_UNUSED_FUNCTION = YES;
				GCC_WARN_UNUSED_VARIABLE = YES;
				IPHONEOS_DEPLOYMENT_TARGET = 15.5;
				MTL_ENABLE_DEBUG_INFO = NO;
				MTL_FAST_MATH = YES;
				SDKROOT = iphoneos;
				SWIFT_COMPILATION_MODE = wholemodule;
				SWIFT_OPTIMIZATION_LEVEL = "-O";
				VALIDATE_PRODUCT = YES;
			};
			name = Release;
		};
		3D304F552871ABA400C9F8F6 /* Debug */ = {
			isa = XCBuildConfiguration;
			baseConfigurationReference = 9437190AF978B78BB0B48F23 /* Pods-memoAppFirebase6.debug.xcconfig */;
			buildSettings = {
				ASSETCATALOG_COMPILER_APPICON_NAME = AppIcon;
				ASSETCATALOG_COMPILER_GLOBAL_ACCENT_COLOR_NAME = AccentColor;
				CODE_SIGN_STYLE = Automatic;
				CURRENT_PROJECT_VERSION = 1;
				DEVELOPMENT_TEAM = 6XX74PYL69;
				GENERATE_INFOPLIST_FILE = YES;
				INFOPLIST_FILE = memoAppFirebase6/Info.plist;
				INFOPLIST_KEY_UIApplicationSupportsIndirectInputEvents = YES;
				INFOPLIST_KEY_UILaunchStoryboardName = LaunchScreen;
				INFOPLIST_KEY_UIMainStoryboardFile = Main;
				INFOPLIST_KEY_UISupportedInterfaceOrientations_iPad = "UIInterfaceOrientationPortrait UIInterfaceOrientationPortraitUpsideDown UIInterfaceOrientationLandscapeLeft UIInterfaceOrientationLandscapeRight";
				INFOPLIST_KEY_UISupportedInterfaceOrientations_iPhone = "UIInterfaceOrientationPortrait UIInterfaceOrientationLandscapeLeft UIInterfaceOrientationLandscapeRight";
				LD_RUNPATH_SEARCH_PATHS = (
					"$(inherited)",
					"@executable_path/Frameworks",
				);
				MARKETING_VERSION = 1.0;
				PRODUCT_BUNDLE_IDENTIFIER = com.Stakaki.memoAppFirebase6;
				PRODUCT_NAME = "$(TARGET_NAME)";
				SWIFT_EMIT_LOC_STRINGS = YES;
				SWIFT_VERSION = 5.0;
				TARGETED_DEVICE_FAMILY = "1,2";
			};
			name = Debug;
		};
		3D304F562871ABA400C9F8F6 /* Release */ = {
			isa = XCBuildConfiguration;
			baseConfigurationReference = C1C67143FA4F96A1D48A5F9B /* Pods-memoAppFirebase6.release.xcconfig */;
			buildSettings = {
				ASSETCATALOG_COMPILER_APPICON_NAME = AppIcon;
				ASSETCATALOG_COMPILER_GLOBAL_ACCENT_COLOR_NAME = AccentColor;
				CODE_SIGN_STYLE = Automatic;
				CURRENT_PROJECT_VERSION = 1;
				DEVELOPMENT_TEAM = 6XX74PYL69;
				GENERATE_INFOPLIST_FILE = YES;
				INFOPLIST_FILE = memoAppFirebase6/Info.plist;
				INFOPLIST_KEY_UIApplicationSupportsIndirectInputEvents = YES;
				INFOPLIST_KEY_UILaunchStoryboardName = LaunchScreen;
				INFOPLIST_KEY_UIMainStoryboardFile = Main;
				INFOPLIST_KEY_UISupportedInterfaceOrientations_iPad = "UIInterfaceOrientationPortrait UIInterfaceOrientationPortraitUpsideDown UIInterfaceOrientationLandscapeLeft UIInterfaceOrientationLandscapeRight";
				INFOPLIST_KEY_UISupportedInterfaceOrientations_iPhone = "UIInterfaceOrientationPortrait UIInterfaceOrientationLandscapeLeft UIInterfaceOrientationLandscapeRight";
				LD_RUNPATH_SEARCH_PATHS = (
					"$(inherited)",
					"@executable_path/Frameworks",
				);
				MARKETING_VERSION = 1.0;
				PRODUCT_BUNDLE_IDENTIFIER = com.Stakaki.memoAppFirebase6;
				PRODUCT_NAME = "$(TARGET_NAME)";
				SWIFT_EMIT_LOC_STRINGS = YES;
				SWIFT_VERSION = 5.0;
				TARGETED_DEVICE_FAMILY = "1,2";
			};
			name = Release;
		};
/* End XCBuildConfiguration section */

/* Begin XCConfigurationList section */
		3D304F3B2871AB9F00C9F8F6 /* Build configuration list for PBXProject "memoAppFirebase6" */ = {
			isa = XCConfigurationList;
			buildConfigurations = (
				3D304F522871ABA400C9F8F6 /* Debug */,
				3D304F532871ABA400C9F8F6 /* Release */,
			);
			defaultConfigurationIsVisible = 0;
			defaultConfigurationName = Release;
		};
		3D304F542871ABA400C9F8F6 /* Build configuration list for PBXNativeTarget "memoAppFirebase6" */ = {
			isa = XCConfigurationList;
			buildConfigurations = (
				3D304F552871ABA400C9F8F6 /* Debug */,
				3D304F562871ABA400C9F8F6 /* Release */,
			);
			defaultConfigurationIsVisible = 0;
			defaultConfigurationName = Release;
		};
/* End XCConfigurationList section */
	};
	rootObject = 3D304F382871AB9F00C9F8F6 /* Project object */;
}
